// !$*UTF8*$!
{
	archiveVersion = 1;
	classes = {
	};
	objectVersion = 77;
	objects = {

/* Begin PBXBuildFile section */
		431DA05D2DC1DBAA006B39A3 /* CombineMoya in Frameworks */ = {isa = PBXBuildFile; productRef = 431DA05C2DC1DBAA006B39A3 /* CombineMoya */; };
		431DA05F2DC1DBAA006B39A3 /* Moya in Frameworks */ = {isa = PBXBuildFile; productRef = 431DA05E2DC1DBAA006B39A3 /* Moya */; };
		431DA0612DC1DBAA006B39A3 /* ReactiveMoya in Frameworks */ = {isa = PBXBuildFile; productRef = 431DA0602DC1DBAA006B39A3 /* ReactiveMoya */; };
		431DA0632DC1DBAA006B39A3 /* RxMoya in Frameworks */ = {isa = PBXBuildFile; productRef = 431DA0622DC1DBAA006B39A3 /* RxMoya */; };
		43BB02A02DC32212000AED88 /* Kingfisher in Frameworks */ = {isa = PBXBuildFile; productRef = 43BB029F2DC32212000AED88 /* Kingfisher */; };
		43E723962DC1D52E001B3A9B /* ComposableArchitecture in Frameworks */ = {isa = PBXBuildFile; productRef = 43E723952DC1D52E001B3A9B /* ComposableArchitecture */; };
/* End PBXBuildFile section */

/* Begin PBXContainerItemProxy section */
		43E723752DC1D21F001B3A9B /* PBXContainerItemProxy */ = {
			isa = PBXContainerItemProxy;
			containerPortal = 43E7235F2DC1D21E001B3A9B /* Project object */;
			proxyType = 1;
			remoteGlobalIDString = 43E723662DC1D21E001B3A9B;
			remoteInfo = UnsplashTCA;
		};
		43E7237F2DC1D21F001B3A9B /* PBXContainerItemProxy */ = {
			isa = PBXContainerItemProxy;
			containerPortal = 43E7235F2DC1D21E001B3A9B /* Project object */;
			proxyType = 1;
			remoteGlobalIDString = 43E723662DC1D21E001B3A9B;
			remoteInfo = UnsplashTCA;
		};
/* End PBXContainerItemProxy section */

/* Begin PBXFileReference section */
		43E723672DC1D21E001B3A9B /* UnsplashTCA.app */ = {isa = PBXFileReference; explicitFileType = wrapper.application; includeInIndex = 0; path = UnsplashTCA.app; sourceTree = BUILT_PRODUCTS_DIR; };
		43E723742DC1D21F001B3A9B /* UnsplashTCATests.xctest */ = {isa = PBXFileReference; explicitFileType = wrapper.cfbundle; includeInIndex = 0; path = UnsplashTCATests.xctest; sourceTree = BUILT_PRODUCTS_DIR; };
		43E7237E2DC1D21F001B3A9B /* UnsplashTCAUITests.xctest */ = {isa = PBXFileReference; explicitFileType = wrapper.cfbundle; includeInIndex = 0; path = UnsplashTCAUITests.xctest; sourceTree = BUILT_PRODUCTS_DIR; };
/* End PBXFileReference section */

/* Begin PBXFileSystemSynchronizedRootGroup section */
		43E723692DC1D21E001B3A9B /* UnsplashTCA */ = {
			isa = PBXFileSystemSynchronizedRootGroup;
			path = UnsplashTCA;
			sourceTree = "<group>";
		};
		43E723772DC1D21F001B3A9B /* UnsplashTCATests */ = {
			isa = PBXFileSystemSynchronizedRootGroup;
			path = UnsplashTCATests;
			sourceTree = "<group>";
		};
		43E723812DC1D21F001B3A9B /* UnsplashTCAUITests */ = {
			isa = PBXFileSystemSynchronizedRootGroup;
			path = UnsplashTCAUITests;
			sourceTree = "<group>";
		};
/* End PBXFileSystemSynchronizedRootGroup section */

/* Begin PBXFrameworksBuildPhase section */
		43E723642DC1D21E001B3A9B /* Frameworks */ = {
			isa = PBXFrameworksBuildPhase;
			buildActionMask = 2147483647;
			files = (
				43BB02A02DC32212000AED88 /* Kingfisher in Frameworks */,
				431DA0632DC1DBAA006B39A3 /* RxMoya in Frameworks */,
				431DA05D2DC1DBAA006B39A3 /* CombineMoya in Frameworks */,
				431DA0612DC1DBAA006B39A3 /* ReactiveMoya in Frameworks */,
				43E723962DC1D52E001B3A9B /* ComposableArchitecture in Frameworks */,
				431DA05F2DC1DBAA006B39A3 /* Moya in Frameworks */,
			);
			runOnlyForDeploymentPostprocessing = 0;
		};
		43E723712DC1D21F001B3A9B /* Frameworks */ = {
			isa = PBXFrameworksBuildPhase;
			buildActionMask = 2147483647;
			files = (
			);
			runOnlyForDeploymentPostprocessing = 0;
		};
		43E7237B2DC1D21F001B3A9B /* Frameworks */ = {
			isa = PBXFrameworksBuildPhase;
			buildActionMask = 2147483647;
			files = (
			);
			runOnlyForDeploymentPostprocessing = 0;
		};
/* End PBXFrameworksBuildPhase section */

/* Begin PBXGroup section */
		43E7235E2DC1D21E001B3A9B = {
			isa = PBXGroup;
			children = (
				43E723692DC1D21E001B3A9B /* UnsplashTCA */,
				43E723772DC1D21F001B3A9B /* UnsplashTCATests */,
				43E723812DC1D21F001B3A9B /* UnsplashTCAUITests */,
				43E723682DC1D21E001B3A9B /* Products */,
			);
			sourceTree = "<group>";
		};
		43E723682DC1D21E001B3A9B /* Products */ = {
			isa = PBXGroup;
			children = (
				43E723672DC1D21E001B3A9B /* UnsplashTCA.app */,
				43E723742DC1D21F001B3A9B /* UnsplashTCATests.xctest */,
				43E7237E2DC1D21F001B3A9B /* UnsplashTCAUITests.xctest */,
			);
			name = Products;
			sourceTree = "<group>";
		};
/* End PBXGroup section */

/* Begin PBXNativeTarget section */
		43E723662DC1D21E001B3A9B /* UnsplashTCA */ = {
			isa = PBXNativeTarget;
			buildConfigurationList = 43E723882DC1D21F001B3A9B /* Build configuration list for PBXNativeTarget "UnsplashTCA" */;
			buildPhases = (
				43E723632DC1D21E001B3A9B /* Sources */,
				43E723642DC1D21E001B3A9B /* Frameworks */,
				43E723652DC1D21E001B3A9B /* Resources */,
			);
			buildRules = (
			);
			dependencies = (
			);
			fileSystemSynchronizedGroups = (
				43E723692DC1D21E001B3A9B /* UnsplashTCA */,
			);
			name = UnsplashTCA;
			packageProductDependencies = (
				43E723952DC1D52E001B3A9B /* ComposableArchitecture */,
				431DA05C2DC1DBAA006B39A3 /* CombineMoya */,
				431DA05E2DC1DBAA006B39A3 /* Moya */,
				431DA0602DC1DBAA006B39A3 /* ReactiveMoya */,
				431DA0622DC1DBAA006B39A3 /* RxMoya */,
				43BB029F2DC32212000AED88 /* Kingfisher */,
			);
			productName = UnsplashTCA;
			productReference = 43E723672DC1D21E001B3A9B /* UnsplashTCA.app */;
			productType = "com.apple.product-type.application";
		};
		43E723732DC1D21F001B3A9B /* UnsplashTCATests */ = {
			isa = PBXNativeTarget;
			buildConfigurationList = 43E7238B2DC1D21F001B3A9B /* Build configuration list for PBXNativeTarget "UnsplashTCATests" */;
			buildPhases = (
				43E723702DC1D21F001B3A9B /* Sources */,
				43E723712DC1D21F001B3A9B /* Frameworks */,
				43E723722DC1D21F001B3A9B /* Resources */,
			);
			buildRules = (
			);
			dependencies = (
				43E723762DC1D21F001B3A9B /* PBXTargetDependency */,
			);
			fileSystemSynchronizedGroups = (
				43E723772DC1D21F001B3A9B /* UnsplashTCATests */,
			);
			name = UnsplashTCATests;
			packageProductDependencies = (
			);
			productName = UnsplashTCATests;
			productReference = 43E723742DC1D21F001B3A9B /* UnsplashTCATests.xctest */;
			productType = "com.apple.product-type.bundle.unit-test";
		};
		43E7237D2DC1D21F001B3A9B /* UnsplashTCAUITests */ = {
			isa = PBXNativeTarget;
			buildConfigurationList = 43E7238E2DC1D21F001B3A9B /* Build configuration list for PBXNativeTarget "UnsplashTCAUITests" */;
			buildPhases = (
				43E7237A2DC1D21F001B3A9B /* Sources */,
				43E7237B2DC1D21F001B3A9B /* Frameworks */,
				43E7237C2DC1D21F001B3A9B /* Resources */,
			);
			buildRules = (
			);
			dependencies = (
				43E723802DC1D21F001B3A9B /* PBXTargetDependency */,
			);
			fileSystemSynchronizedGroups = (
				43E723812DC1D21F001B3A9B /* UnsplashTCAUITests */,
			);
			name = UnsplashTCAUITests;
			packageProductDependencies = (
			);
			productName = UnsplashTCAUITests;
			productReference = 43E7237E2DC1D21F001B3A9B /* UnsplashTCAUITests.xctest */;
			productType = "com.apple.product-type.bundle.ui-testing";
		};
/* End PBXNativeTarget section */

/* Begin PBXProject section */
		43E7235F2DC1D21E001B3A9B /* Project object */ = {
			isa = PBXProject;
			attributes = {
				BuildIndependentTargetsInParallel = 1;
				LastSwiftUpdateCheck = 1630;
				LastUpgradeCheck = 1630;
				TargetAttributes = {
					43E723662DC1D21E001B3A9B = {
						CreatedOnToolsVersion = 16.3;
					};
					43E723732DC1D21F001B3A9B = {
						CreatedOnToolsVersion = 16.3;
						TestTargetID = 43E723662DC1D21E001B3A9B;
					};
					43E7237D2DC1D21F001B3A9B = {
						CreatedOnToolsVersion = 16.3;
						TestTargetID = 43E723662DC1D21E001B3A9B;
					};
				};
			};
			buildConfigurationList = 43E723622DC1D21E001B3A9B /* Build configuration list for PBXProject "UnsplashTCA" */;
			developmentRegion = en;
			hasScannedForEncodings = 0;
			knownRegions = (
				en,
				Base,
			);
			mainGroup = 43E7235E2DC1D21E001B3A9B;
			minimizedProjectReferenceProxies = 1;
			packageReferences = (
				43E723942DC1D52E001B3A9B /* XCRemoteSwiftPackageReference "swift-composable-architecture" */,
				431DA05B2DC1DBAA006B39A3 /* XCRemoteSwiftPackageReference "Moya" */,
				43BB029E2DC32212000AED88 /* XCRemoteSwiftPackageReference "Kingfisher" */,
			);
			preferredProjectObjectVersion = 77;
			productRefGroup = 43E723682DC1D21E001B3A9B /* Products */;
			projectDirPath = "";
			projectRoot = "";
			targets = (
				43E723662DC1D21E001B3A9B /* UnsplashTCA */,
				43E723732DC1D21F001B3A9B /* UnsplashTCATests */,
				43E7237D2DC1D21F001B3A9B /* UnsplashTCAUITests */,
			);
		};
/* End PBXProject section */

/* Begin PBXResourcesBuildPhase section */
		43E723652DC1D21E001B3A9B /* Resources */ = {
			isa = PBXResourcesBuildPhase;
			buildActionMask = 2147483647;
			files = (
			);
			runOnlyForDeploymentPostprocessing = 0;
		};
		43E723722DC1D21F001B3A9B /* Resources */ = {
			isa = PBXResourcesBuildPhase;
			buildActionMask = 2147483647;
			files = (
			);
			runOnlyForDeploymentPostprocessing = 0;
		};
		43E7237C2DC1D21F001B3A9B /* Resources */ = {
			isa = PBXResourcesBuildPhase;
			buildActionMask = 2147483647;
			files = (
			);
			runOnlyForDeploymentPostprocessing = 0;
		};
/* End PBXResourcesBuildPhase section */

/* Begin PBXSourcesBuildPhase section */
		43E723632DC1D21E001B3A9B /* Sources */ = {
			isa = PBXSourcesBuildPhase;
			buildActionMask = 2147483647;
			files = (
			);
			runOnlyForDeploymentPostprocessing = 0;
		};
		43E723702DC1D21F001B3A9B /* Sources */ = {
			isa = PBXSourcesBuildPhase;
			buildActionMask = 2147483647;
			files = (
			);
			runOnlyForDeploymentPostprocessing = 0;
		};
		43E7237A2DC1D21F001B3A9B /* Sources */ = {
			isa = PBXSourcesBuildPhase;
			buildActionMask = 2147483647;
			files = (
			);
			runOnlyForDeploymentPostprocessing = 0;
		};
/* End PBXSourcesBuildPhase section */

/* Begin PBXTargetDependency section */
		43E723762DC1D21F001B3A9B /* PBXTargetDependency */ = {
			isa = PBXTargetDependency;
			target = 43E723662DC1D21E001B3A9B /* UnsplashTCA */;
			targetProxy = 43E723752DC1D21F001B3A9B /* PBXContainerItemProxy */;
		};
		43E723802DC1D21F001B3A9B /* PBXTargetDependency */ = {
			isa = PBXTargetDependency;
			target = 43E723662DC1D21E001B3A9B /* UnsplashTCA */;
			targetProxy = 43E7237F2DC1D21F001B3A9B /* PBXContainerItemProxy */;
		};
/* End PBXTargetDependency section */

/* Begin XCBuildConfiguration section */
		43E723862DC1D21F001B3A9B /* Debug */ = {
			isa = XCBuildConfiguration;
			buildSettings = {
				ALWAYS_SEARCH_USER_PATHS = NO;
				ASSETCATALOG_COMPILER_GENERATE_SWIFT_ASSET_SYMBOL_EXTENSIONS = YES;
				CLANG_ANALYZER_NONNULL = YES;
				CLANG_ANALYZER_NUMBER_OBJECT_CONVERSION = YES_AGGRESSIVE;
				CLANG_CXX_LANGUAGE_STANDARD = "gnu++20";
				CLANG_ENABLE_MODULES = YES;
				CLANG_ENABLE_OBJC_ARC = YES;
				CLANG_ENABLE_OBJC_WEAK = YES;
				CLANG_WARN_BLOCK_CAPTURE_AUTORELEASING = YES;
				CLANG_WARN_BOOL_CONVERSION = YES;
				CLANG_WARN_COMMA = YES;
				CLANG_WARN_CONSTANT_CONVERSION = YES;
				CLANG_WARN_DEPRECATED_OBJC_IMPLEMENTATIONS = YES;
				CLANG_WARN_DIRECT_OBJC_ISA_USAGE = YES_ERROR;
				CLANG_WARN_DOCUMENTATION_COMMENTS = YES;
				CLANG_WARN_EMPTY_BODY = YES;
				CLANG_WARN_ENUM_CONVERSION = YES;
				CLANG_WARN_INFINITE_RECURSION = YES;
				CLANG_WARN_INT_CONVERSION = YES;
				CLANG_WARN_NON_LITERAL_NULL_CONVERSION = YES;
				CLANG_WARN_OBJC_IMPLICIT_RETAIN_SELF = YES;
				CLANG_WARN_OBJC_LITERAL_CONVERSION = YES;
				CLANG_WARN_OBJC_ROOT_CLASS = YES_ERROR;
				CLANG_WARN_QUOTED_INCLUDE_IN_FRAMEWORK_HEADER = YES;
				CLANG_WARN_RANGE_LOOP_ANALYSIS = YES;
				CLANG_WARN_STRICT_PROTOTYPES = YES;
				CLANG_WARN_SUSPICIOUS_MOVE = YES;
				CLANG_WARN_UNGUARDED_AVAILABILITY = YES_AGGRESSIVE;
				CLANG_WARN_UNREACHABLE_CODE = YES;
				CLANG_WARN__DUPLICATE_METHOD_MATCH = YES;
				COPY_PHASE_STRIP = NO;
				DEBUG_INFORMATION_FORMAT = dwarf;
				ENABLE_STRICT_OBJC_MSGSEND = YES;
				ENABLE_TESTABILITY = YES;
				ENABLE_USER_SCRIPT_SANDBOXING = YES;
				GCC_C_LANGUAGE_STANDARD = gnu17;
				GCC_DYNAMIC_NO_PIC = NO;
				GCC_NO_COMMON_BLOCKS = YES;
				GCC_OPTIMIZATION_LEVEL = 0;
				GCC_PREPROCESSOR_DEFINITIONS = (
					"DEBUG=1",
					"$(inherited)",
				);
				GCC_WARN_64_TO_32_BIT_CONVERSION = YES;
				GCC_WARN_ABOUT_RETURN_TYPE = YES_ERROR;
				GCC_WARN_UNDECLARED_SELECTOR = YES;
				GCC_WARN_UNINITIALIZED_AUTOS = YES_AGGRESSIVE;
				GCC_WARN_UNUSED_FUNCTION = YES;
				GCC_WARN_UNUSED_VARIABLE = YES;
				IPHONEOS_DEPLOYMENT_TARGET = 18.4;
				LOCALIZATION_PREFERS_STRING_CATALOGS = YES;
				MTL_ENABLE_DEBUG_INFO = INCLUDE_SOURCE;
				MTL_FAST_MATH = YES;
				ONLY_ACTIVE_ARCH = YES;
				SDKROOT = iphoneos;
				SWIFT_ACTIVE_COMPILATION_CONDITIONS = "DEBUG $(inherited)";
				SWIFT_OPTIMIZATION_LEVEL = "-Onone";
			};
			name = Debug;
		};
		43E723872DC1D21F001B3A9B /* Release */ = {
			isa = XCBuildConfiguration;
			buildSettings = {
				ALWAYS_SEARCH_USER_PATHS = NO;
				ASSETCATALOG_COMPILER_GENERATE_SWIFT_ASSET_SYMBOL_EXTENSIONS = YES;
				CLANG_ANALYZER_NONNULL = YES;
				CLANG_ANALYZER_NUMBER_OBJECT_CONVERSION = YES_AGGRESSIVE;
				CLANG_CXX_LANGUAGE_STANDARD = "gnu++20";
				CLANG_ENABLE_MODULES = YES;
				CLANG_ENABLE_OBJC_ARC = YES;
				CLANG_ENABLE_OBJC_WEAK = YES;
				CLANG_WARN_BLOCK_CAPTURE_AUTORELEASING = YES;
				CLANG_WARN_BOOL_CONVERSION = YES;
				CLANG_WARN_COMMA = YES;
				CLANG_WARN_CONSTANT_CONVERSION = YES;
				CLANG_WARN_DEPRECATED_OBJC_IMPLEMENTATIONS = YES;
				CLANG_WARN_DIRECT_OBJC_ISA_USAGE = YES_ERROR;
				CLANG_WARN_DOCUMENTATION_COMMENTS = YES;
				CLANG_WARN_EMPTY_BODY = YES;
				CLANG_WARN_ENUM_CONVERSION = YES;
				CLANG_WARN_INFINITE_RECURSION = YES;
				CLANG_WARN_INT_CONVERSION = YES;
				CLANG_WARN_NON_LITERAL_NULL_CONVERSION = YES;
				CLANG_WARN_OBJC_IMPLICIT_RETAIN_SELF = YES;
				CLANG_WARN_OBJC_LITERAL_CONVERSION = YES;
				CLANG_WARN_OBJC_ROOT_CLASS = YES_ERROR;
				CLANG_WARN_QUOTED_INCLUDE_IN_FRAMEWORK_HEADER = YES;
				CLANG_WARN_RANGE_LOOP_ANALYSIS = YES;
				CLANG_WARN_STRICT_PROTOTYPES = YES;
				CLANG_WARN_SUSPICIOUS_MOVE = YES;
				CLANG_WARN_UNGUARDED_AVAILABILITY = YES_AGGRESSIVE;
				CLANG_WARN_UNREACHABLE_CODE = YES;
				CLANG_WARN__DUPLICATE_METHOD_MATCH = YES;
				COPY_PHASE_STRIP = NO;
				DEBUG_INFORMATION_FORMAT = "dwarf-with-dsym";
				ENABLE_NS_ASSERTIONS = NO;
				ENABLE_STRICT_OBJC_MSGSEND = YES;
				ENABLE_USER_SCRIPT_SANDBOXING = YES;
				GCC_C_LANGUAGE_STANDARD = gnu17;
				GCC_NO_COMMON_BLOCKS = YES;
				GCC_WARN_64_TO_32_BIT_CONVERSION = YES;
				GCC_WARN_ABOUT_RETURN_TYPE = YES_ERROR;
				GCC_WARN_UNDECLARED_SELECTOR = YES;
				GCC_WARN_UNINITIALIZED_AUTOS = YES_AGGRESSIVE;
				GCC_WARN_UNUSED_FUNCTION = YES;
				GCC_WARN_UNUSED_VARIABLE = YES;
				IPHONEOS_DEPLOYMENT_TARGET = 18.4;
				LOCALIZATION_PREFERS_STRING_CATALOGS = YES;
				MTL_ENABLE_DEBUG_INFO = NO;
				MTL_FAST_MATH = YES;
				SDKROOT = iphoneos;
				SWIFT_COMPILATION_MODE = wholemodule;
				VALIDATE_PRODUCT = YES;
			};
			name = Release;
		};
		43E723892DC1D21F001B3A9B /* Debug */ = {
			isa = XCBuildConfiguration;
			buildSettings = {
				ASSETCATALOG_COMPILER_APPICON_NAME = AppIcon;
				ASSETCATALOG_COMPILER_GLOBAL_ACCENT_COLOR_NAME = AccentColor;
				CODE_SIGN_STYLE = Automatic;
				CURRENT_PROJECT_VERSION = 1;
				ENABLE_PREVIEWS = YES;
				GENERATE_INFOPLIST_FILE = YES;
				INFOPLIST_KEY_UIApplicationSceneManifest_Generation = YES;
				INFOPLIST_KEY_UIApplicationSupportsIndirectInputEvents = YES;
				INFOPLIST_KEY_UILaunchScreen_Generation = YES;
				INFOPLIST_KEY_UISupportedInterfaceOrientations_iPad = "UIInterfaceOrientationPortrait UIInterfaceOrientationPortraitUpsideDown UIInterfaceOrientationLandscapeLeft UIInterfaceOrientationLandscapeRight";
				INFOPLIST_KEY_UISupportedInterfaceOrientations_iPhone = "UIInterfaceOrientationPortrait UIInterfaceOrientationLandscapeLeft UIInterfaceOrientationLandscapeRight";
				IPHONEOS_DEPLOYMENT_TARGET = 18.0;
				LD_RUNPATH_SEARCH_PATHS = (
					"$(inherited)",
					"@executable_path/Frameworks",
				);
				MARKETING_VERSION = 1.0;
				PRODUCT_BUNDLE_IDENTIFIER = kevin.UnsplashTCA;
				PRODUCT_NAME = "$(TARGET_NAME)";
				SWIFT_EMIT_LOC_STRINGS = YES;
				SWIFT_VERSION = 5.0;
				TARGETED_DEVICE_FAMILY = "1,2";
			};
			name = Debug;
		};
		43E7238A2DC1D21F001B3A9B /* Release */ = {
			isa = XCBuildConfiguration;
			buildSettings = {
				ASSETCATALOG_COMPILER_APPICON_NAME = AppIcon;
				ASSETCATALOG_COMPILER_GLOBAL_ACCENT_COLOR_NAME = AccentColor;
				CODE_SIGN_STYLE = Automatic;
				CURRENT_PROJECT_VERSION = 1;
				ENABLE_PREVIEWS = YES;
				GENERATE_INFOPLIST_FILE = YES;
				INFOPLIST_KEY_UIApplicationSceneManifest_Generation = YES;
				INFOPLIST_KEY_UIApplicationSupportsIndirectInputEvents = YES;
				INFOPLIST_KEY_UILaunchScreen_Generation = YES;
				INFOPLIST_KEY_UISupportedInterfaceOrientations_iPad = "UIInterfaceOrientationPortrait UIInterfaceOrientationPortraitUpsideDown UIInterfaceOrientationLandscapeLeft UIInterfaceOrientationLandscapeRight";
				INFOPLIST_KEY_UISupportedInterfaceOrientations_iPhone = "UIInterfaceOrientationPortrait UIInterfaceOrientationLandscapeLeft UIInterfaceOrientationLandscapeRight";
				IPHONEOS_DEPLOYMENT_TARGET = 18.0;
				LD_RUNPATH_SEARCH_PATHS = (
					"$(inherited)",
					"@executable_path/Frameworks",
				);
				MARKETING_VERSION = 1.0;
				PRODUCT_BUNDLE_IDENTIFIER = kevin.UnsplashTCA;
				PRODUCT_NAME = "$(TARGET_NAME)";
				SWIFT_EMIT_LOC_STRINGS = YES;
				SWIFT_VERSION = 5.0;
				TARGETED_DEVICE_FAMILY = "1,2";
			};
			name = Release;
		};
		43E7238C2DC1D21F001B3A9B /* Debug */ = {
			isa = XCBuildConfiguration;
			buildSettings = {
				BUNDLE_LOADER = "$(TEST_HOST)";
				CODE_SIGN_STYLE = Automatic;
				CURRENT_PROJECT_VERSION = 1;
				GENERATE_INFOPLIST_FILE = YES;
				IPHONEOS_DEPLOYMENT_TARGET = 18.4;
				MARKETING_VERSION = 1.0;
				PRODUCT_BUNDLE_IDENTIFIER = kevin.UnsplashTCATests;
				PRODUCT_NAME = "$(TARGET_NAME)";
				SWIFT_EMIT_LOC_STRINGS = NO;
				SWIFT_VERSION = 5.0;
				TARGETED_DEVICE_FAMILY = "1,2";
				TEST_HOST = "$(BUILT_PRODUCTS_DIR)/UnsplashTCA.app/$(BUNDLE_EXECUTABLE_FOLDER_PATH)/UnsplashTCA";
			};
			name = Debug;
		};
		43E7238D2DC1D21F001B3A9B /* Release */ = {
			isa = XCBuildConfiguration;
			buildSettings = {
				BUNDLE_LOADER = "$(TEST_HOST)";
				CODE_SIGN_STYLE = Automatic;
				CURRENT_PROJECT_VERSION = 1;
				GENERATE_INFOPLIST_FILE = YES;
				IPHONEOS_DEPLOYMENT_TARGET = 18.4;
				MARKETING_VERSION = 1.0;
				PRODUCT_BUNDLE_IDENTIFIER = kevin.UnsplashTCATests;
				PRODUCT_NAME = "$(TARGET_NAME)";
				SWIFT_EMIT_LOC_STRINGS = NO;
				SWIFT_VERSION = 5.0;
				TARGETED_DEVICE_FAMILY = "1,2";
				TEST_HOST = "$(BUILT_PRODUCTS_DIR)/UnsplashTCA.app/$(BUNDLE_EXECUTABLE_FOLDER_PATH)/UnsplashTCA";
			};
			name = Release;
		};
		43E7238F2DC1D21F001B3A9B /* Debug */ = {
			isa = XCBuildConfiguration;
			buildSettings = {
				CODE_SIGN_STYLE = Automatic;
				CURRENT_PROJECT_VERSION = 1;
				GENERATE_INFOPLIST_FILE = YES;
				MARKETING_VERSION = 1.0;
				PRODUCT_BUNDLE_IDENTIFIER = kevin.UnsplashTCAUITests;
				PRODUCT_NAME = "$(TARGET_NAME)";
				SWIFT_EMIT_LOC_STRINGS = NO;
				SWIFT_VERSION = 5.0;
				TARGETED_DEVICE_FAMILY = "1,2";
				TEST_TARGET_NAME = UnsplashTCA;
			};
			name = Debug;
		};
		43E723902DC1D21F001B3A9B /* Release */ = {
			isa = XCBuildConfiguration;
			buildSettings = {
				CODE_SIGN_STYLE = Automatic;
				CURRENT_PROJECT_VERSION = 1;
				GENERATE_INFOPLIST_FILE = YES;
				MARKETING_VERSION = 1.0;
				PRODUCT_BUNDLE_IDENTIFIER = kevin.UnsplashTCAUITests;
				PRODUCT_NAME = "$(TARGET_NAME)";
				SWIFT_EMIT_LOC_STRINGS = NO;
				SWIFT_VERSION = 5.0;
				TARGETED_DEVICE_FAMILY = "1,2";
				TEST_TARGET_NAME = UnsplashTCA;
			};
			name = Release;
		};
/* End XCBuildConfiguration section */

/* Begin XCConfigurationList section */
		43E723622DC1D21E001B3A9B /* Build configuration list for PBXProject "UnsplashTCA" */ = {
			isa = XCConfigurationList;
			buildConfigurations = (
				43E723862DC1D21F001B3A9B /* Debug */,
				43E723872DC1D21F001B3A9B /* Release */,
			);
			defaultConfigurationIsVisible = 0;
			defaultConfigurationName = Release;
		};
		43E723882DC1D21F001B3A9B /* Build configuration list for PBXNativeTarget "UnsplashTCA" */ = {
			isa = XCConfigurationList;
			buildConfigurations = (
				43E723892DC1D21F001B3A9B /* Debug */,
				43E7238A2DC1D21F001B3A9B /* Release */,
			);
			defaultConfigurationIsVisible = 0;
			defaultConfigurationName = Release;
		};
		43E7238B2DC1D21F001B3A9B /* Build configuration list for PBXNativeTarget "UnsplashTCATests" */ = {
			isa = XCConfigurationList;
			buildConfigurations = (
				43E7238C2DC1D21F001B3A9B /* Debug */,
				43E7238D2DC1D21F001B3A9B /* Release */,
			);
			defaultConfigurationIsVisible = 0;
			defaultConfigurationName = Release;
		};
		43E7238E2DC1D21F001B3A9B /* Build configuration list for PBXNativeTarget "UnsplashTCAUITests" */ = {
			isa = XCConfigurationList;
			buildConfigurations = (
				43E7238F2DC1D21F001B3A9B /* Debug */,
				43E723902DC1D21F001B3A9B /* Release */,
			);
			defaultConfigurationIsVisible = 0;
			defaultConfigurationName = Release;
		};
/* End XCConfigurationList section */

/* Begin XCRemoteSwiftPackageReference section */
		431DA05B2DC1DBAA006B39A3 /* XCRemoteSwiftPackageReference "Moya" */ = {
			isa = XCRemoteSwiftPackageReference;
			repositoryURL = "https://github.com/Moya/Moya";
			requirement = {
				kind = exactVersion;
				version = 15.0.3;
			};
		};
		43BB029E2DC32212000AED88 /* XCRemoteSwiftPackageReference "Kingfisher" */ = {
			isa = XCRemoteSwiftPackageReference;
			repositoryURL = "https://github.com/onevcat/Kingfisher";
			requirement = {
				kind = exactVersion;
				version = 8.3.2;
			};
		};
		43E723942DC1D52E001B3A9B /* XCRemoteSwiftPackageReference "swift-composable-architecture" */ = {
			isa = XCRemoteSwiftPackageReference;
			repositoryURL = "https://github.com/pointfreeco/swift-composable-architecture";
			requirement = {
				kind = exactVersion;
				version = 1.19.1;
			};
		};
/* End XCRemoteSwiftPackageReference section */

/* Begin XCSwiftPackageProductDependency section */
		431DA05C2DC1DBAA006B39A3 /* CombineMoya */ = {
			isa = XCSwiftPackageProductDependency;
			package = 431DA05B2DC1DBAA006B39A3 /* XCRemoteSwiftPackageReference "Moya" */;
			productName = CombineMoya;
		};
		431DA05E2DC1DBAA006B39A3 /* Moya */ = {
			isa = XCSwiftPackageProductDependency;
			package = 431DA05B2DC1DBAA006B39A3 /* XCRemoteSwiftPackageReference "Moya" */;
			productName = Moya;
		};
		431DA0602DC1DBAA006B39A3 /* ReactiveMoya */ = {
			isa = XCSwiftPackageProductDependency;
			package = 431DA05B2DC1DBAA006B39A3 /* XCRemoteSwiftPackageReference "Moya" */;
			productName = ReactiveMoya;
		};
		431DA0622DC1DBAA006B39A3 /* RxMoya */ = {
			isa = XCSwiftPackageProductDependency;
			package = 431DA05B2DC1DBAA006B39A3 /* XCRemoteSwiftPackageReference "Moya" */;
			productName = RxMoya;
		};
		43BB029F2DC32212000AED88 /* Kingfisher */ = {
			isa = XCSwiftPackageProductDependency;
			package = 43BB029E2DC32212000AED88 /* XCRemoteSwiftPackageReference "Kingfisher" */;
			productName = Kingfisher;
		};
		43E723952DC1D52E001B3A9B /* ComposableArchitecture */ = {
			isa = XCSwiftPackageProductDependency;
			package = 43E723942DC1D52E001B3A9B /* XCRemoteSwiftPackageReference "swift-composable-architecture" */;
			productName = ComposableArchitecture;
		};
/* End XCSwiftPackageProductDependency section */
	};
	rootObject = 43E7235F2DC1D21E001B3A9B /* Project object */;
}
